
Microsoft Visual Studio Solution File, Format Version 12.00
# Visual Studio Version 16
VisualStudioVersion = 16.0.34301.259
MinimumVisualStudioVersion = 10.0.40219.1
Project("{FAE04EC0-301F-11D3-BF4B-00C04F79EFBC}") = "CrudAppWithImages", "CrudAppWithImages\CrudAppWithImages.csproj", "{12B9CD26-84D7-4B13-A249-459D32A8DDC3}"
EndProject
Global
	GlobalSection(SolutionConfigurationPlatforms) = preSolution
		Debug|Any CPU = Debug|Any CPU
		Release|Any CPU = Release|Any CPU
	EndGlobalSection
	GlobalSection(ProjectConfigurationPlatforms) = postSolution
		{12B9CD26-84D7-4B13-A249-459D32A8DDC3}.Debug|Any CPU.ActiveCfg = Debug|Any CPU
		{12B9CD26-84D7-4B13-A249-459D32A8DDC3}.Debug|Any CPU.Build.0 = Debug|Any CPU
		{12B9CD26-84D7-4B13-A249-459D32A8DDC3}.Release|Any CPU.ActiveCfg = Release|Any CPU
		{12B9CD26-84D7-4B13-A249-459D32A8DDC3}.Release|Any CPU.Build.0 = Release|Any CPU
	EndGlobalSection
	GlobalSection(SolutionProperties) = preSolution
		HideSolutionNode = FALSE
	EndGlobalSection
	GlobalSection(ExtensibilityGlobals) = postSolution
		SolutionGuid = {95162687-1ADE-4E08-A04A-31C6043EB5D2}
	EndGlobalSection
EndGlobal
